// !$*UTF8*$!
{
	archiveVersion = 1;
	classes = {
	};
	objectVersion = 50;
	objects = {

/* Begin PBXBuildFile section */
		2B3803ED26958D6100D97D15 /* AppDelegate.m in Sources */ = {isa = PBXBuildFile; fileRef = 2B3803EC26958D6100D97D15 /* AppDelegate.m */; };
		2B3803F026958D6100D97D15 /* SceneDelegate.m in Sources */ = {isa = PBXBuildFile; fileRef = 2B3803EF26958D6100D97D15 /* SceneDelegate.m */; };
		2B3803F326958D6100D97D15 /* ViewController.m in Sources */ = {isa = PBXBuildFile; fileRef = 2B3803F226958D6100D97D15 /* ViewController.m */; };
		2B3803F626958D6100D97D15 /* Main.storyboard in Resources */ = {isa = PBXBuildFile; fileRef = 2B3803F426958D6100D97D15 /* Main.storyboard */; };
		2B3803F926958D6100D97D15 /* Tarabut_Test.xcdatamodeld in Sources */ = {isa = PBXBuildFile; fileRef = 2B3803F726958D6100D97D15 /* Tarabut_Test.xcdatamodeld */; };
		2B3803FB26958D6200D97D15 /* Assets.xcassets in Resources */ = {isa = PBXBuildFile; fileRef = 2B3803FA26958D6200D97D15 /* Assets.xcassets */; };
		2B3803FE26958D6200D97D15 /* LaunchScreen.storyboard in Resources */ = {isa = PBXBuildFile; fileRef = 2B3803FC26958D6200D97D15 /* LaunchScreen.storyboard */; };
		2B38040126958D6200D97D15 /* main.m in Sources */ = {isa = PBXBuildFile; fileRef = 2B38040026958D6200D97D15 /* main.m */; };
		2B38040B26958D6200D97D15 /* Tarabut_TestTests.m in Sources */ = {isa = PBXBuildFile; fileRef = 2B38040A26958D6200D97D15 /* Tarabut_TestTests.m */; };
		2B38041626958D6200D97D15 /* Tarabut_TestUITests.m in Sources */ = {isa = PBXBuildFile; fileRef = 2B38041526958D6200D97D15 /* Tarabut_TestUITests.m */; };
		2B38042D2695A1B700D97D15 /* GlobalTableViewCell.m in Sources */ = {isa = PBXBuildFile; fileRef = 2B38042C2695A1B700D97D15 /* GlobalTableViewCell.m */; };
		2B38042E2695A1B700D97D15 /* GlobalTableViewCell.m in Sources */ = {isa = PBXBuildFile; fileRef = 2B38042C2695A1B700D97D15 /* GlobalTableViewCell.m */; };
		2B38042F2695A1B700D97D15 /* GlobalTableViewCell.m in Sources */ = {isa = PBXBuildFile; fileRef = 2B38042C2695A1B700D97D15 /* GlobalTableViewCell.m */; };
		2BEDD56B2695A69700FA9FE9 /* WeatherDetailVC.m in Sources */ = {isa = PBXBuildFile; fileRef = 2BEDD56A2695A69700FA9FE9 /* WeatherDetailVC.m */; };
		2BEDD56C2695A69700FA9FE9 /* WeatherDetailVC.m in Sources */ = {isa = PBXBuildFile; fileRef = 2BEDD56A2695A69700FA9FE9 /* WeatherDetailVC.m */; };
		2BEDD56D2695A69700FA9FE9 /* WeatherDetailVC.m in Sources */ = {isa = PBXBuildFile; fileRef = 2BEDD56A2695A69700FA9FE9 /* WeatherDetailVC.m */; };
		2BEDD5712695B5C700FA9FE9 /* DataHolder.m in Sources */ = {isa = PBXBuildFile; fileRef = 2BEDD5702695B5C700FA9FE9 /* DataHolder.m */; };
		2BEDD5722695B5C700FA9FE9 /* DataHolder.m in Sources */ = {isa = PBXBuildFile; fileRef = 2BEDD5702695B5C700FA9FE9 /* DataHolder.m */; };
		2BEDD5732695B5C700FA9FE9 /* DataHolder.m in Sources */ = {isa = PBXBuildFile; fileRef = 2BEDD5702695B5C700FA9FE9 /* DataHolder.m */; };
		2BEDD5772695D68B00FA9FE9 /* Utils.m in Sources */ = {isa = PBXBuildFile; fileRef = 2BEDD5762695D68B00FA9FE9 /* Utils.m */; };
		2BEDD5782695D68B00FA9FE9 /* Utils.m in Sources */ = {isa = PBXBuildFile; fileRef = 2BEDD5762695D68B00FA9FE9 /* Utils.m */; };
		2BEDD5792695D68B00FA9FE9 /* Utils.m in Sources */ = {isa = PBXBuildFile; fileRef = 2BEDD5762695D68B00FA9FE9 /* Utils.m */; };
/* End PBXBuildFile section */

/* Begin PBXContainerItemProxy section */
		2B38040726958D6200D97D15 /* PBXContainerItemProxy */ = {
			isa = PBXContainerItemProxy;
			containerPortal = 2B3803E026958D6100D97D15 /* Project object */;
			proxyType = 1;
			remoteGlobalIDString = 2B3803E726958D6100D97D15;
			remoteInfo = "Tarabut Test";
		};
		2B38041226958D6200D97D15 /* PBXContainerItemProxy */ = {
			isa = PBXContainerItemProxy;
			containerPortal = 2B3803E026958D6100D97D15 /* Project object */;
			proxyType = 1;
			remoteGlobalIDString = 2B3803E726958D6100D97D15;
			remoteInfo = "Tarabut Test";
		};
/* End PBXContainerItemProxy section */

/* Begin PBXFileReference section */
		2B3803E826958D6100D97D15 /* Tarabut Test.app */ = {isa = PBXFileReference; explicitFileType = wrapper.application; includeInIndex = 0; path = "Tarabut Test.app"; sourceTree = BUILT_PRODUCTS_DIR; };
		2B3803EB26958D6100D97D15 /* AppDelegate.h */ = {isa = PBXFileReference; lastKnownFileType = sourcecode.c.h; path = AppDelegate.h; sourceTree = "<group>"; };
		2B3803EC26958D6100D97D15 /* AppDelegate.m */ = {isa = PBXFileReference; lastKnownFileType = sourcecode.c.objc; path = AppDelegate.m; sourceTree = "<group>"; };
		2B3803EE26958D6100D97D15 /* SceneDelegate.h */ = {isa = PBXFileReference; lastKnownFileType = sourcecode.c.h; path = SceneDelegate.h; sourceTree = "<group>"; };
		2B3803EF26958D6100D97D15 /* SceneDelegate.m */ = {isa = PBXFileReference; lastKnownFileType = sourcecode.c.objc; path = SceneDelegate.m; sourceTree = "<group>"; };
		2B3803F126958D6100D97D15 /* ViewController.h */ = {isa = PBXFileReference; lastKnownFileType = sourcecode.c.h; path = ViewController.h; sourceTree = "<group>"; };
		2B3803F226958D6100D97D15 /* ViewController.m */ = {isa = PBXFileReference; lastKnownFileType = sourcecode.c.objc; path = ViewController.m; sourceTree = "<group>"; };
		2B3803F526958D6100D97D15 /* Base */ = {isa = PBXFileReference; lastKnownFileType = file.storyboard; name = Base; path = Base.lproj/Main.storyboard; sourceTree = "<group>"; };
		2B3803F826958D6100D97D15 /* Tarabut_Test.xcdatamodel */ = {isa = PBXFileReference; lastKnownFileType = wrapper.xcdatamodel; path = Tarabut_Test.xcdatamodel; sourceTree = "<group>"; };
		2B3803FA26958D6200D97D15 /* Assets.xcassets */ = {isa = PBXFileReference; lastKnownFileType = folder.assetcatalog; path = Assets.xcassets; sourceTree = "<group>"; };
		2B3803FD26958D6200D97D15 /* Base */ = {isa = PBXFileReference; lastKnownFileType = file.storyboard; name = Base; path = Base.lproj/LaunchScreen.storyboard; sourceTree = "<group>"; };
		2B3803FF26958D6200D97D15 /* Info.plist */ = {isa = PBXFileReference; lastKnownFileType = text.plist.xml; path = Info.plist; sourceTree = "<group>"; };
		2B38040026958D6200D97D15 /* main.m */ = {isa = PBXFileReference; lastKnownFileType = sourcecode.c.objc; path = main.m; sourceTree = "<group>"; };
		2B38040626958D6200D97D15 /* Tarabut TestTests.xctest */ = {isa = PBXFileReference; explicitFileType = wrapper.cfbundle; includeInIndex = 0; path = "Tarabut TestTests.xctest"; sourceTree = BUILT_PRODUCTS_DIR; };
		2B38040A26958D6200D97D15 /* Tarabut_TestTests.m */ = {isa = PBXFileReference; lastKnownFileType = sourcecode.c.objc; path = Tarabut_TestTests.m; sourceTree = "<group>"; };
		2B38040C26958D6200D97D15 /* Info.plist */ = {isa = PBXFileReference; lastKnownFileType = text.plist.xml; path = Info.plist; sourceTree = "<group>"; };
		2B38041126958D6200D97D15 /* Tarabut TestUITests.xctest */ = {isa = PBXFileReference; explicitFileType = wrapper.cfbundle; includeInIndex = 0; path = "Tarabut TestUITests.xctest"; sourceTree = BUILT_PRODUCTS_DIR; };
		2B38041526958D6200D97D15 /* Tarabut_TestUITests.m */ = {isa = PBXFileReference; lastKnownFileType = sourcecode.c.objc; path = Tarabut_TestUITests.m; sourceTree = "<group>"; };
		2B38041726958D6200D97D15 /* Info.plist */ = {isa = PBXFileReference; lastKnownFileType = text.plist.xml; path = Info.plist; sourceTree = "<group>"; };
		2B38042B2695A1B700D97D15 /* GlobalTableViewCell.h */ = {isa = PBXFileReference; lastKnownFileType = sourcecode.c.h; path = GlobalTableViewCell.h; sourceTree = "<group>"; };
		2B38042C2695A1B700D97D15 /* GlobalTableViewCell.m */ = {isa = PBXFileReference; lastKnownFileType = sourcecode.c.objc; path = GlobalTableViewCell.m; sourceTree = "<group>"; };
		2BEDD5692695A69700FA9FE9 /* WeatherDetailVC.h */ = {isa = PBXFileReference; lastKnownFileType = sourcecode.c.h; path = WeatherDetailVC.h; sourceTree = "<group>"; };
		2BEDD56A2695A69700FA9FE9 /* WeatherDetailVC.m */ = {isa = PBXFileReference; lastKnownFileType = sourcecode.c.objc; path = WeatherDetailVC.m; sourceTree = "<group>"; };
		2BEDD56F2695B5C700FA9FE9 /* DataHolder.h */ = {isa = PBXFileReference; lastKnownFileType = sourcecode.c.h; path = DataHolder.h; sourceTree = "<group>"; };
		2BEDD5702695B5C700FA9FE9 /* DataHolder.m */ = {isa = PBXFileReference; lastKnownFileType = sourcecode.c.objc; path = DataHolder.m; sourceTree = "<group>"; };
		2BEDD5752695D68B00FA9FE9 /* Utils.h */ = {isa = PBXFileReference; lastKnownFileType = sourcecode.c.h; path = Utils.h; sourceTree = "<group>"; };
		2BEDD5762695D68B00FA9FE9 /* Utils.m */ = {isa = PBXFileReference; lastKnownFileType = sourcecode.c.objc; path = Utils.m; sourceTree = "<group>"; };
/* End PBXFileReference section */

/* Begin PBXFrameworksBuildPhase section */
		2B3803E526958D6100D97D15 /* Frameworks */ = {
			isa = PBXFrameworksBuildPhase;
			buildActionMask = 2147483647;
			files = (
			);
			runOnlyForDeploymentPostprocessing = 0;
		};
		2B38040326958D6200D97D15 /* Frameworks */ = {
			isa = PBXFrameworksBuildPhase;
			buildActionMask = 2147483647;
			files = (
			);
			runOnlyForDeploymentPostprocessing = 0;
		};
		2B38040E26958D6200D97D15 /* Frameworks */ = {
			isa = PBXFrameworksBuildPhase;
			buildActionMask = 2147483647;
			files = (
			);
			runOnlyForDeploymentPostprocessing = 0;
		};
/* End PBXFrameworksBuildPhase section */

/* Begin PBXGroup section */
		2B3803DF26958D6100D97D15 = {
			isa = PBXGroup;
			children = (
				2B3803EA26958D6100D97D15 /* Tarabut Test */,
				2B38040926958D6200D97D15 /* Tarabut TestTests */,
				2B38041426958D6200D97D15 /* Tarabut TestUITests */,
				2B3803E926958D6100D97D15 /* Products */,
			);
			sourceTree = "<group>";
		};
		2B3803E926958D6100D97D15 /* Products */ = {
			isa = PBXGroup;
			children = (
				2B3803E826958D6100D97D15 /* Tarabut Test.app */,
				2B38040626958D6200D97D15 /* Tarabut TestTests.xctest */,
				2B38041126958D6200D97D15 /* Tarabut TestUITests.xctest */,
			);
			name = Products;
			sourceTree = "<group>";
		};
		2B3803EA26958D6100D97D15 /* Tarabut Test */ = {
			isa = PBXGroup;
			children = (
				2BEDD5742695D67900FA9FE9 /* Utils */,
				2BEDD56E2695B16E00FA9FE9 /* DataHolder */,
				2B38042A2695A17E00D97D15 /* Global Cell */,
				2B38042426958D8900D97D15 /* VC */,
				2B38042326958D7300D97D15 /* Storyboard */,
				2B3803EB26958D6100D97D15 /* AppDelegate.h */,
				2B3803EC26958D6100D97D15 /* AppDelegate.m */,
				2B3803EE26958D6100D97D15 /* SceneDelegate.h */,
				2B3803EF26958D6100D97D15 /* SceneDelegate.m */,
				2B3803FA26958D6200D97D15 /* Assets.xcassets */,
				2B3803FC26958D6200D97D15 /* LaunchScreen.storyboard */,
				2B3803FF26958D6200D97D15 /* Info.plist */,
				2B38040026958D6200D97D15 /* main.m */,
				2B3803F726958D6100D97D15 /* Tarabut_Test.xcdatamodeld */,
			);
			path = "Tarabut Test";
			sourceTree = "<group>";
		};
		2B38040926958D6200D97D15 /* Tarabut TestTests */ = {
			isa = PBXGroup;
			children = (
				2B38040A26958D6200D97D15 /* Tarabut_TestTests.m */,
				2B38040C26958D6200D97D15 /* Info.plist */,
			);
			path = "Tarabut TestTests";
			sourceTree = "<group>";
		};
		2B38041426958D6200D97D15 /* Tarabut TestUITests */ = {
			isa = PBXGroup;
			children = (
				2B38041526958D6200D97D15 /* Tarabut_TestUITests.m */,
				2B38041726958D6200D97D15 /* Info.plist */,
			);
			path = "Tarabut TestUITests";
			sourceTree = "<group>";
		};
		2B38042326958D7300D97D15 /* Storyboard */ = {
			isa = PBXGroup;
			children = (
				2B3803F426958D6100D97D15 /* Main.storyboard */,
			);
			path = Storyboard;
			sourceTree = "<group>";
		};
		2B38042426958D8900D97D15 /* VC */ = {
			isa = PBXGroup;
			children = (
				2B3803F126958D6100D97D15 /* ViewController.h */,
				2B3803F226958D6100D97D15 /* ViewController.m */,
				2BEDD5692695A69700FA9FE9 /* WeatherDetailVC.h */,
				2BEDD56A2695A69700FA9FE9 /* WeatherDetailVC.m */,
			);
			path = VC;
			sourceTree = "<group>";
		};
		2B38042A2695A17E00D97D15 /* Global Cell */ = {
			isa = PBXGroup;
			children = (
				2B38042B2695A1B700D97D15 /* GlobalTableViewCell.h */,
				2B38042C2695A1B700D97D15 /* GlobalTableViewCell.m */,
			);
			path = "Global Cell";
			sourceTree = "<group>";
		};
		2BEDD56E2695B16E00FA9FE9 /* DataHolder */ = {
			isa = PBXGroup;
			children = (
				2BEDD56F2695B5C700FA9FE9 /* DataHolder.h */,
				2BEDD5702695B5C700FA9FE9 /* DataHolder.m */,
			);
			path = DataHolder;
			sourceTree = "<group>";
		};
		2BEDD5742695D67900FA9FE9 /* Utils */ = {
			isa = PBXGroup;
			children = (
				2BEDD5752695D68B00FA9FE9 /* Utils.h */,
				2BEDD5762695D68B00FA9FE9 /* Utils.m */,
			);
			path = Utils;
			sourceTree = "<group>";
		};
/* End PBXGroup section */

/* Begin PBXNativeTarget section */
		2B3803E726958D6100D97D15 /* Tarabut Test */ = {
			isa = PBXNativeTarget;
			buildConfigurationList = 2B38041A26958D6200D97D15 /* Build configuration list for PBXNativeTarget "Tarabut Test" */;
			buildPhases = (
				2B3803E426958D6100D97D15 /* Sources */,
				2B3803E526958D6100D97D15 /* Frameworks */,
				2B3803E626958D6100D97D15 /* Resources */,
			);
			buildRules = (
			);
			dependencies = (
			);
			name = "Tarabut Test";
			productName = "Tarabut Test";
			productReference = 2B3803E826958D6100D97D15 /* Tarabut Test.app */;
			productType = "com.apple.product-type.application";
		};
		2B38040526958D6200D97D15 /* Tarabut TestTests */ = {
			isa = PBXNativeTarget;
			buildConfigurationList = 2B38041D26958D6200D97D15 /* Build configuration list for PBXNativeTarget "Tarabut TestTests" */;
			buildPhases = (
				2B38040226958D6200D97D15 /* Sources */,
				2B38040326958D6200D97D15 /* Frameworks */,
				2B38040426958D6200D97D15 /* Resources */,
			);
			buildRules = (
			);
			dependencies = (
				2B38040826958D6200D97D15 /* PBXTargetDependency */,
			);
			name = "Tarabut TestTests";
			productName = "Tarabut TestTests";
			productReference = 2B38040626958D6200D97D15 /* Tarabut TestTests.xctest */;
			productType = "com.apple.product-type.bundle.unit-test";
		};
		2B38041026958D6200D97D15 /* Tarabut TestUITests */ = {
			isa = PBXNativeTarget;
			buildConfigurationList = 2B38042026958D6200D97D15 /* Build configuration list for PBXNativeTarget "Tarabut TestUITests" */;
			buildPhases = (
				2B38040D26958D6200D97D15 /* Sources */,
				2B38040E26958D6200D97D15 /* Frameworks */,
				2B38040F26958D6200D97D15 /* Resources */,
			);
			buildRules = (
			);
			dependencies = (
				2B38041326958D6200D97D15 /* PBXTargetDependency */,
			);
			name = "Tarabut TestUITests";
			productName = "Tarabut TestUITests";
			productReference = 2B38041126958D6200D97D15 /* Tarabut TestUITests.xctest */;
			productType = "com.apple.product-type.bundle.ui-testing";
		};
/* End PBXNativeTarget section */

/* Begin PBXProject section */
		2B3803E026958D6100D97D15 /* Project object */ = {
			isa = PBXProject;
			attributes = {
				LastUpgradeCheck = 1250;
				TargetAttributes = {
					2B3803E726958D6100D97D15 = {
						CreatedOnToolsVersion = 12.5.1;
					};
					2B38040526958D6200D97D15 = {
						CreatedOnToolsVersion = 12.5.1;
						TestTargetID = 2B3803E726958D6100D97D15;
					};
					2B38041026958D6200D97D15 = {
						CreatedOnToolsVersion = 12.5.1;
						TestTargetID = 2B3803E726958D6100D97D15;
					};
				};
			};
			buildConfigurationList = 2B3803E326958D6100D97D15 /* Build configuration list for PBXProject "Tarabut Test" */;
			compatibilityVersion = "Xcode 9.3";
			developmentRegion = en;
			hasScannedForEncodings = 0;
			knownRegions = (
				en,
				Base,
			);
			mainGroup = 2B3803DF26958D6100D97D15;
			productRefGroup = 2B3803E926958D6100D97D15 /* Products */;
			projectDirPath = "";
			projectRoot = "";
			targets = (
				2B3803E726958D6100D97D15 /* Tarabut Test */,
				2B38040526958D6200D97D15 /* Tarabut TestTests */,
				2B38041026958D6200D97D15 /* Tarabut TestUITests */,
			);
		};
/* End PBXProject section */

/* Begin PBXResourcesBuildPhase section */
		2B3803E626958D6100D97D15 /* Resources */ = {
			isa = PBXResourcesBuildPhase;
			buildActionMask = 2147483647;
			files = (
				2B3803FE26958D6200D97D15 /* LaunchScreen.storyboard in Resources */,
				2B3803FB26958D6200D97D15 /* Assets.xcassets in Resources */,
				2B3803F626958D6100D97D15 /* Main.storyboard in Resources */,
			);
			runOnlyForDeploymentPostprocessing = 0;
		};
		2B38040426958D6200D97D15 /* Resources */ = {
			isa = PBXResourcesBuildPhase;
			buildActionMask = 2147483647;
			files = (
			);
			runOnlyForDeploymentPostprocessing = 0;
		};
		2B38040F26958D6200D97D15 /* Resources */ = {
			isa = PBXResourcesBuildPhase;
			buildActionMask = 2147483647;
			files = (
			);
			runOnlyForDeploymentPostprocessing = 0;
		};
/* End PBXResourcesBuildPhase section */

/* Begin PBXSourcesBuildPhase section */
		2B3803E426958D6100D97D15 /* Sources */ = {
			isa = PBXSourcesBuildPhase;
			buildActionMask = 2147483647;
			files = (
				2BEDD5772695D68B00FA9FE9 /* Utils.m in Sources */,
				2BEDD56B2695A69700FA9FE9 /* WeatherDetailVC.m in Sources */,
				2B38040126958D6200D97D15 /* main.m in Sources */,
				2B3803F326958D6100D97D15 /* ViewController.m in Sources */,
				2B3803ED26958D6100D97D15 /* AppDelegate.m in Sources */,
				2B3803F026958D6100D97D15 /* SceneDelegate.m in Sources */,
				2B38042D2695A1B700D97D15 /* GlobalTableViewCell.m in Sources */,
				2B3803F926958D6100D97D15 /* Tarabut_Test.xcdatamodeld in Sources */,
				2BEDD5712695B5C700FA9FE9 /* DataHolder.m in Sources */,
			);
			runOnlyForDeploymentPostprocessing = 0;
		};
		2B38040226958D6200D97D15 /* Sources */ = {
			isa = PBXSourcesBuildPhase;
			buildActionMask = 2147483647;
			files = (
				2B38042E2695A1B700D97D15 /* GlobalTableViewCell.m in Sources */,
				2BEDD56C2695A69700FA9FE9 /* WeatherDetailVC.m in Sources */,
				2B38040B26958D6200D97D15 /* Tarabut_TestTests.m in Sources */,
				2BEDD5782695D68B00FA9FE9 /* Utils.m in Sources */,
				2BEDD5722695B5C700FA9FE9 /* DataHolder.m in Sources */,
			);
			runOnlyForDeploymentPostprocessing = 0;
		};
		2B38040D26958D6200D97D15 /* Sources */ = {
			isa = PBXSourcesBuildPhase;
			buildActionMask = 2147483647;
			files = (
				2B38042F2695A1B700D97D15 /* GlobalTableViewCell.m in Sources */,
				2BEDD56D2695A69700FA9FE9 /* WeatherDetailVC.m in Sources */,
				2B38041626958D6200D97D15 /* Tarabut_TestUITests.m in Sources */,
				2BEDD5792695D68B00FA9FE9 /* Utils.m in Sources */,
				2BEDD5732695B5C700FA9FE9 /* DataHolder.m in Sources */,
			);
			runOnlyForDeploymentPostprocessing = 0;
		};
/* End PBXSourcesBuildPhase section */

/* Begin PBXTargetDependency section */
		2B38040826958D6200D97D15 /* PBXTargetDependency */ = {
			isa = PBXTargetDependency;
			target = 2B3803E726958D6100D97D15 /* Tarabut Test */;
			targetProxy = 2B38040726958D6200D97D15 /* PBXContainerItemProxy */;
		};
		2B38041326958D6200D97D15 /* PBXTargetDependency */ = {
			isa = PBXTargetDependency;
			target = 2B3803E726958D6100D97D15 /* Tarabut Test */;
			targetProxy = 2B38041226958D6200D97D15 /* PBXContainerItemProxy */;
		};
/* End PBXTargetDependency section */

/* Begin PBXVariantGroup section */
		2B3803F426958D6100D97D15 /* Main.storyboard */ = {
			isa = PBXVariantGroup;
			children = (
				2B3803F526958D6100D97D15 /* Base */,
			);
			name = Main.storyboard;
			sourceTree = "<group>";
		};
		2B3803FC26958D6200D97D15 /* LaunchScreen.storyboard */ = {
			isa = PBXVariantGroup;
			children = (
				2B3803FD26958D6200D97D15 /* Base */,
			);
			name = LaunchScreen.storyboard;
			sourceTree = "<group>";
		};
/* End PBXVariantGroup section */

/* Begin XCBuildConfiguration section */
		2B38041826958D6200D97D15 /* Debug */ = {
			isa = XCBuildConfiguration;
			buildSettings = {
				ALWAYS_SEARCH_USER_PATHS = NO;
				CLANG_ANALYZER_NONNULL = YES;
				CLANG_ANALYZER_NUMBER_OBJECT_CONVERSION = YES_AGGRESSIVE;
				CLANG_CXX_LANGUAGE_STANDARD = "gnu++14";
				CLANG_CXX_LIBRARY = "libc++";
				CLANG_ENABLE_MODULES = YES;
				CLANG_ENABLE_OBJC_ARC = YES;
				CLANG_ENABLE_OBJC_WEAK = YES;
				CLANG_WARN_BLOCK_CAPTURE_AUTORELEASING = YES;
				CLANG_WARN_BOOL_CONVERSION = YES;
				CLANG_WARN_COMMA = YES;
				CLANG_WARN_CONSTANT_CONVERSION = YES;
				CLANG_WARN_DEPRECATED_OBJC_IMPLEMENTATIONS = YES;
				CLANG_WARN_DIRECT_OBJC_ISA_USAGE = YES_ERROR;
				CLANG_WARN_DOCUMENTATION_COMMENTS = YES;
				CLANG_WARN_EMPTY_BODY = YES;
				CLANG_WARN_ENUM_CONVERSION = YES;
				CLANG_WARN_INFINITE_RECURSION = YES;
				CLANG_WARN_INT_CONVERSION = YES;
				CLANG_WARN_NON_LITERAL_NULL_CONVERSION = YES;
				CLANG_WARN_OBJC_IMPLICIT_RETAIN_SELF = YES;
				CLANG_WARN_OBJC_LITERAL_CONVERSION = YES;
				CLANG_WARN_OBJC_ROOT_CLASS = YES_ERROR;
				CLANG_WARN_QUOTED_INCLUDE_IN_FRAMEWORK_HEADER = YES;
				CLANG_WARN_RANGE_LOOP_ANALYSIS = YES;
				CLANG_WARN_STRICT_PROTOTYPES = YES;
				CLANG_WARN_SUSPICIOUS_MOVE = YES;
				CLANG_WARN_UNGUARDED_AVAILABILITY = YES_AGGRESSIVE;
				CLANG_WARN_UNREACHABLE_CODE = YES;
				CLANG_WARN__DUPLICATE_METHOD_MATCH = YES;
				COPY_PHASE_STRIP = NO;
				DEBUG_INFORMATION_FORMAT = dwarf;
				ENABLE_STRICT_OBJC_MSGSEND = YES;
				ENABLE_TESTABILITY = YES;
				GCC_C_LANGUAGE_STANDARD = gnu11;
				GCC_DYNAMIC_NO_PIC = NO;
				GCC_NO_COMMON_BLOCKS = YES;
				GCC_OPTIMIZATION_LEVEL = 0;
				GCC_PREPROCESSOR_DEFINITIONS = (
					"DEBUG=1",
					"$(inherited)",
				);
				GCC_WARN_64_TO_32_BIT_CONVERSION = YES;
				GCC_WARN_ABOUT_RETURN_TYPE = YES_ERROR;
				GCC_WARN_UNDECLARED_SELECTOR = YES;
				GCC_WARN_UNINITIALIZED_AUTOS = YES_AGGRESSIVE;
				GCC_WARN_UNUSED_FUNCTION = YES;
				GCC_WARN_UNUSED_VARIABLE = YES;
				IPHONEOS_DEPLOYMENT_TARGET = 14.5;
				MTL_ENABLE_DEBUG_INFO = INCLUDE_SOURCE;
				MTL_FAST_MATH = YES;
				ONLY_ACTIVE_ARCH = YES;
				SDKROOT = iphoneos;
			};
			name = Debug;
		};
		2B38041926958D6200D97D15 /* Release */ = {
			isa = XCBuildConfiguration;
			buildSettings = {
				ALWAYS_SEARCH_USER_PATHS = NO;
				CLANG_ANALYZER_NONNULL = YES;
				CLANG_ANALYZER_NUMBER_OBJECT_CONVERSION = YES_AGGRESSIVE;
				CLANG_CXX_LANGUAGE_STANDARD = "gnu++14";
				CLANG_CXX_LIBRARY = "libc++";
				CLANG_ENABLE_MODULES = YES;
				CLANG_ENABLE_OBJC_ARC = YES;
				CLANG_ENABLE_OBJC_WEAK = YES;
				CLANG_WARN_BLOCK_CAPTURE_AUTORELEASING = YES;
				CLANG_WARN_BOOL_CONVERSION = YES;
				CLANG_WARN_COMMA = YES;
				CLANG_WARN_CONSTANT_CONVERSION = YES;
				CLANG_WARN_DEPRECATED_OBJC_IMPLEMENTATIONS = YES;
				CLANG_WARN_DIRECT_OBJC_ISA_USAGE = YES_ERROR;
				CLANG_WARN_DOCUMENTATION_COMMENTS = YES;
				CLANG_WARN_EMPTY_BODY = YES;
				CLANG_WARN_ENUM_CONVERSION = YES;
				CLANG_WARN_INFINITE_RECURSION = YES;
				CLANG_WARN_INT_CONVERSION = YES;
				CLANG_WARN_NON_LITERAL_NULL_CONVERSION = YES;
				CLANG_WARN_OBJC_IMPLICIT_RETAIN_SELF = YES;
				CLANG_WARN_OBJC_LITERAL_CONVERSION = YES;
				CLANG_WARN_OBJC_ROOT_CLASS = YES_ERROR;
				CLANG_WARN_QUOTED_INCLUDE_IN_FRAMEWORK_HEADER = YES;
				CLANG_WARN_RANGE_LOOP_ANALYSIS = YES;
				CLANG_WARN_STRICT_PROTOTYPES = YES;
				CLANG_WARN_SUSPICIOUS_MOVE = YES;
				CLANG_WARN_UNGUARDED_AVAILABILITY = YES_AGGRESSIVE;
				CLANG_WARN_UNREACHABLE_CODE = YES;
				CLANG_WARN__DUPLICATE_METHOD_MATCH = YES;
				COPY_PHASE_STRIP = NO;
				DEBUG_INFORMATION_FORMAT = "dwarf-with-dsym";
				ENABLE_NS_ASSERTIONS = NO;
				ENABLE_STRICT_OBJC_MSGSEND = YES;
				GCC_C_LANGUAGE_STANDARD = gnu11;
				GCC_NO_COMMON_BLOCKS = YES;
				GCC_WARN_64_TO_32_BIT_CONVERSION = YES;
				GCC_WARN_ABOUT_RETURN_TYPE = YES_ERROR;
				GCC_WARN_UNDECLARED_SELECTOR = YES;
				GCC_WARN_UNINITIALIZED_AUTOS = YES_AGGRESSIVE;
				GCC_WARN_UNUSED_FUNCTION = YES;
				GCC_WARN_UNUSED_VARIABLE = YES;
				IPHONEOS_DEPLOYMENT_TARGET = 14.5;
				MTL_ENABLE_DEBUG_INFO = NO;
				MTL_FAST_MATH = YES;
				SDKROOT = iphoneos;
				VALIDATE_PRODUCT = YES;
			};
			name = Release;
		};
		2B38041B26958D6200D97D15 /* Debug */ = {
			isa = XCBuildConfiguration;
			buildSettings = {
				ASSETCATALOG_COMPILER_APPICON_NAME = AppIcon;
				ASSETCATALOG_COMPILER_GLOBAL_ACCENT_COLOR_NAME = AccentColor;
				CODE_SIGN_STYLE = Automatic;
				DEVELOPMENT_TEAM = BW3WW678BQ;
				INFOPLIST_FILE = "Tarabut Test/Info.plist";
				IPHONEOS_DEPLOYMENT_TARGET = 13.0;
				LD_RUNPATH_SEARCH_PATHS = (
					"$(inherited)",
					"@executable_path/Frameworks",
				);
				PRODUCT_BUNDLE_IDENTIFIER = "com.Juba.Priemer.Tarabut-Test";
				PRODUCT_NAME = "$(TARGET_NAME)";
				TARGETED_DEVICE_FAMILY = "1,2";
			};
			name = Debug;
		};
		2B38041C26958D6200D97D15 /* Release */ = {
			isa = XCBuildConfiguration;
			buildSettings = {
				ASSETCATALOG_COMPILER_APPICON_NAME = AppIcon;
				ASSETCATALOG_COMPILER_GLOBAL_ACCENT_COLOR_NAME = AccentColor;
				CODE_SIGN_STYLE = Automatic;
				DEVELOPMENT_TEAM = BW3WW678BQ;
				INFOPLIST_FILE = "Tarabut Test/Info.plist";
				IPHONEOS_DEPLOYMENT_TARGET = 13.0;
				LD_RUNPATH_SEARCH_PATHS = (
					"$(inherited)",
					"@executable_path/Frameworks",
				);
				PRODUCT_BUNDLE_IDENTIFIER = "com.Juba.Priemer.Tarabut-Test";
				PRODUCT_NAME = "$(TARGET_NAME)";
				TARGETED_DEVICE_FAMILY = "1,2";
			};
			name = Release;
		};
		2B38041E26958D6200D97D15 /* Debug */ = {
			isa = XCBuildConfiguration;
			buildSettings = {
				BUNDLE_LOADER = "$(TEST_HOST)";
				CODE_SIGN_STYLE = Automatic;
				DEVELOPMENT_TEAM = BW3WW678BQ;
				INFOPLIST_FILE = "Tarabut TestTests/Info.plist";
				IPHONEOS_DEPLOYMENT_TARGET = 14.5;
				LD_RUNPATH_SEARCH_PATHS = (
					"$(inherited)",
					"@executable_path/Frameworks",
					"@loader_path/Frameworks",
				);
				PRODUCT_BUNDLE_IDENTIFIER = "com.Juba.Priemer.Tarabut-TestTests";
				PRODUCT_NAME = "$(TARGET_NAME)";
				TARGETED_DEVICE_FAMILY = "1,2";
				TEST_HOST = "$(BUILT_PRODUCTS_DIR)/Tarabut Test.app/Tarabut Test";
			};
			name = Debug;
		};
		2B38041F26958D6200D97D15 /* Release */ = {
			isa = XCBuildConfiguration;
			buildSettings = {
				BUNDLE_LOADER = "$(TEST_HOST)";
				CODE_SIGN_STYLE = Automatic;
				DEVELOPMENT_TEAM = BW3WW678BQ;
				INFOPLIST_FILE = "Tarabut TestTests/Info.plist";
				IPHONEOS_DEPLOYMENT_TARGET = 14.5;
				LD_RUNPATH_SEARCH_PATHS = (
					"$(inherited)",
					"@executable_path/Frameworks",
					"@loader_path/Frameworks",
				);
				PRODUCT_BUNDLE_IDENTIFIER = "com.Juba.Priemer.Tarabut-TestTests";
				PRODUCT_NAME = "$(TARGET_NAME)";
				TARGETED_DEVICE_FAMILY = "1,2";
				TEST_HOST = "$(BUILT_PRODUCTS_DIR)/Tarabut Test.app/Tarabut Test";
			};
			name = Release;
		};
		2B38042126958D6200D97D15 /* Debug */ = {
			isa = XCBuildConfiguration;
			buildSettings = {
				CODE_SIGN_STYLE = Automatic;
				DEVELOPMENT_TEAM = BW3WW678BQ;
				INFOPLIST_FILE = "Tarabut TestUITests/Info.plist";
				LD_RUNPATH_SEARCH_PATHS = (
					"$(inherited)",
					"@executable_path/Frameworks",
					"@loader_path/Frameworks",
				);
				PRODUCT_BUNDLE_IDENTIFIER = "com.Juba.Priemer.Tarabut-TestUITests";
				PRODUCT_NAME = "$(TARGET_NAME)";
				TARGETED_DEVICE_FAMILY = "1,2";
				TEST_TARGET_NAME = "Tarabut Test";
			};
			name = Debug;
		};
		2B38042226958D6200D97D15 /* Release */ = {
			isa = XCBuildConfiguration;
			buildSettings = {
				CODE_SIGN_STYLE = Automatic;
				DEVELOPMENT_TEAM = BW3WW678BQ;
				INFOPLIST_FILE = "Tarabut TestUITests/Info.plist";
				LD_RUNPATH_SEARCH_PATHS = (
					"$(inherited)",
					"@executable_path/Frameworks",
					"@loader_path/Frameworks",
				);
				PRODUCT_BUNDLE_IDENTIFIER = "com.Juba.Priemer.Tarabut-TestUITests";
				PRODUCT_NAME = "$(TARGET_NAME)";
				TARGETED_DEVICE_FAMILY = "1,2";
				TEST_TARGET_NAME = "Tarabut Test";
			};
			name = Release;
		};
/* End XCBuildConfiguration section */

/* Begin XCConfigurationList section */
		2B3803E326958D6100D97D15 /* Build configuration list for PBXProject "Tarabut Test" */ = {
			isa = XCConfigurationList;
			buildConfigurations = (
				2B38041826958D6200D97D15 /* Debug */,
				2B38041926958D6200D97D15 /* Release */,
			);
			defaultConfigurationIsVisible = 0;
			defaultConfigurationName = Release;
		};
		2B38041A26958D6200D97D15 /* Build configuration list for PBXNativeTarget "Tarabut Test" */ = {
			isa = XCConfigurationList;
			buildConfigurations = (
				2B38041B26958D6200D97D15 /* Debug */,
				2B38041C26958D6200D97D15 /* Release */,
			);
			defaultConfigurationIsVisible = 0;
			defaultConfigurationName = Release;
		};
		2B38041D26958D6200D97D15 /* Build configuration list for PBXNativeTarget "Tarabut TestTests" */ = {
			isa = XCConfigurationList;
			buildConfigurations = (
				2B38041E26958D6200D97D15 /* Debug */,
				2B38041F26958D6200D97D15 /* Release */,
			);
			defaultConfigurationIsVisible = 0;
			defaultConfigurationName = Release;
		};
		2B38042026958D6200D97D15 /* Build configuration list for PBXNativeTarget "Tarabut TestUITests" */ = {
			isa = XCConfigurationList;
			buildConfigurations = (
				2B38042126958D6200D97D15 /* Debug */,
				2B38042226958D6200D97D15 /* Release */,
			);
			defaultConfigurationIsVisible = 0;
			defaultConfigurationName = Release;
		};
/* End XCConfigurationList section */

/* Begin XCVersionGroup section */
		2B3803F726958D6100D97D15 /* Tarabut_Test.xcdatamodeld */ = {
			isa = XCVersionGroup;
			children = (
				2B3803F826958D6100D97D15 /* Tarabut_Test.xcdatamodel */,
			);
			currentVersion = 2B3803F826958D6100D97D15 /* Tarabut_Test.xcdatamodel */;
			path = Tarabut_Test.xcdatamodeld;
			sourceTree = "<group>";
			versionGroupType = wrapper.xcdatamodel;
		};
/* End XCVersionGroup section */
	};
	rootObject = 2B3803E026958D6100D97D15 /* Project object */;
}
